
Microsoft Visual Studio Solution File, Format Version 12.00
# Visual Studio Version 17
VisualStudioVersion = 17.0.31903.59
MinimumVisualStudioVersion = 10.0.40219.1
Project("{2150E333-8FDC-42A3-9474-1A3956D46DE8}") = "src", "src", "{827E0CD3-B72D-47B6-A68D-7590B98EB39B}"
EndProject
Project("{FAE04EC0-301F-11D3-BF4B-00C04F79EFBC}") = "FilthyRodriguez", "src\FilthyRodriguez\FilthyRodriguez.csproj", "{09B8CFE8-E5A7-426C-94B3-49F5C60276EE}"
EndProject
Project("{2150E333-8FDC-42A3-9474-1A3956D46DE8}") = "examples", "examples", "{B36A84DF-456D-A817-6EDD-3EC3E7F6E11F}"
EndProject
Project("{2150E333-8FDC-42A3-9474-1A3956D46DE8}") = "tests", "tests", "{0AB3BF05-4346-4AA6-1389-037BE0695223}"
EndProject
Project("{FAE04EC0-301F-11D3-BF4B-00C04F79EFBC}") = "FilthyRodriguez.Tests", "tests\FilthyRodriguez.Tests\FilthyRodriguez.Tests.csproj", "{4A79E624-B8B9-4D0F-BF88-F73AD51FCD9D}"
EndProject
Project("{FAE04EC0-301F-11D3-BF4B-00C04F79EFBC}") = "HtmlTestApp", "examples\HtmlTestApp\HtmlTestApp.csproj", "{80FA92A3-6E59-486F-949D-FDBF67B765B9}"
EndProject
Global
	GlobalSection(SolutionConfigurationPlatforms) = preSolution
		Debug|Any CPU = Debug|Any CPU
		Debug|x64 = Debug|x64
		Debug|x86 = Debug|x86
		Release|Any CPU = Release|Any CPU
		Release|x64 = Release|x64
		Release|x86 = Release|x86
	EndGlobalSection
	GlobalSection(ProjectConfigurationPlatforms) = postSolution
		{09B8CFE8-E5A7-426C-94B3-49F5C60276EE}.Debug|Any CPU.ActiveCfg = Debug|Any CPU
		{09B8CFE8-E5A7-426C-94B3-49F5C60276EE}.Debug|Any CPU.Build.0 = Debug|Any CPU
		{09B8CFE8-E5A7-426C-94B3-49F5C60276EE}.Debug|x64.ActiveCfg = Debug|Any CPU
		{09B8CFE8-E5A7-426C-94B3-49F5C60276EE}.Debug|x64.Build.0 = Debug|Any CPU
		{09B8CFE8-E5A7-426C-94B3-49F5C60276EE}.Debug|x86.ActiveCfg = Debug|Any CPU
		{09B8CFE8-E5A7-426C-94B3-49F5C60276EE}.Debug|x86.Build.0 = Debug|Any CPU
		{09B8CFE8-E5A7-426C-94B3-49F5C60276EE}.Release|Any CPU.ActiveCfg = Release|Any CPU
		{09B8CFE8-E5A7-426C-94B3-49F5C60276EE}.Release|Any CPU.Build.0 = Release|Any CPU
		{09B8CFE8-E5A7-426C-94B3-49F5C60276EE}.Release|x64.ActiveCfg = Release|Any CPU
		{09B8CFE8-E5A7-426C-94B3-49F5C60276EE}.Release|x64.Build.0 = Release|Any CPU
		{09B8CFE8-E5A7-426C-94B3-49F5C60276EE}.Release|x86.ActiveCfg = Release|Any CPU
		{09B8CFE8-E5A7-426C-94B3-49F5C60276EE}.Release|x86.Build.0 = Release|Any CPU
		{4A79E624-B8B9-4D0F-BF88-F73AD51FCD9D}.Debug|Any CPU.ActiveCfg = Debug|Any CPU
		{4A79E624-B8B9-4D0F-BF88-F73AD51FCD9D}.Debug|Any CPU.Build.0 = Debug|Any CPU
		{4A79E624-B8B9-4D0F-BF88-F73AD51FCD9D}.Debug|x64.ActiveCfg = Debug|Any CPU
		{4A79E624-B8B9-4D0F-BF88-F73AD51FCD9D}.Debug|x64.Build.0 = Debug|Any CPU
		{4A79E624-B8B9-4D0F-BF88-F73AD51FCD9D}.Debug|x86.ActiveCfg = Debug|Any CPU
		{4A79E624-B8B9-4D0F-BF88-F73AD51FCD9D}.Debug|x86.Build.0 = Debug|Any CPU
		{4A79E624-B8B9-4D0F-BF88-F73AD51FCD9D}.Release|Any CPU.ActiveCfg = Release|Any CPU
		{4A79E624-B8B9-4D0F-BF88-F73AD51FCD9D}.Release|Any CPU.Build.0 = Release|Any CPU
		{4A79E624-B8B9-4D0F-BF88-F73AD51FCD9D}.Release|x64.ActiveCfg = Release|Any CPU
		{4A79E624-B8B9-4D0F-BF88-F73AD51FCD9D}.Release|x64.Build.0 = Release|Any CPU
		{4A79E624-B8B9-4D0F-BF88-F73AD51FCD9D}.Release|x86.ActiveCfg = Release|Any CPU
		{4A79E624-B8B9-4D0F-BF88-F73AD51FCD9D}.Release|x86.Build.0 = Release|Any CPU
		{80FA92A3-6E59-486F-949D-FDBF67B765B9}.Debug|Any CPU.ActiveCfg = Debug|Any CPU
		{80FA92A3-6E59-486F-949D-FDBF67B765B9}.Debug|Any CPU.Build.0 = Debug|Any CPU
		{80FA92A3-6E59-486F-949D-FDBF67B765B9}.Debug|x64.ActiveCfg = Debug|Any CPU
		{80FA92A3-6E59-486F-949D-FDBF67B765B9}.Debug|x64.Build.0 = Debug|Any CPU
		{80FA92A3-6E59-486F-949D-FDBF67B765B9}.Debug|x86.ActiveCfg = Debug|Any CPU
		{80FA92A3-6E59-486F-949D-FDBF67B765B9}.Debug|x86.Build.0 = Debug|Any CPU
		{80FA92A3-6E59-486F-949D-FDBF67B765B9}.Release|Any CPU.ActiveCfg = Release|Any CPU
		{80FA92A3-6E59-486F-949D-FDBF67B765B9}.Release|Any CPU.Build.0 = Release|Any CPU
		{80FA92A3-6E59-486F-949D-FDBF67B765B9}.Release|x64.ActiveCfg = Release|Any CPU
		{80FA92A3-6E59-486F-949D-FDBF67B765B9}.Release|x64.Build.0 = Release|Any CPU
		{80FA92A3-6E59-486F-949D-FDBF67B765B9}.Release|x86.ActiveCfg = Release|Any CPU
		{80FA92A3-6E59-486F-949D-FDBF67B765B9}.Release|x86.Build.0 = Release|Any CPU
	EndGlobalSection
	GlobalSection(SolutionProperties) = preSolution
		HideSolutionNode = FALSE
	EndGlobalSection
	GlobalSection(NestedProjects) = preSolution
		{09B8CFE8-E5A7-426C-94B3-49F5C60276EE} = {827E0CD3-B72D-47B6-A68D-7590B98EB39B}
		{4A79E624-B8B9-4D0F-BF88-F73AD51FCD9D} = {0AB3BF05-4346-4AA6-1389-037BE0695223}
		{80FA92A3-6E59-486F-949D-FDBF67B765B9} = {B36A84DF-456D-A817-6EDD-3EC3E7F6E11F}
	EndGlobalSection
EndGlobal
